
Microsoft Visual Studio Solution File, Format Version 12.00
# Visual Studio Version 17
VisualStudioVersion = 17.11.35327.3
MinimumVisualStudioVersion = 10.0.40219.1
Project("{8BC9CEB8-8B4A-11D0-8D11-00A0C91BC942}") = "Project2", "Project2.vcxproj", "{4149A6E7-4F16-434E-8152-DA7048F1D261}"
EndProject
Global
	GlobalSection(SolutionConfigurationPlatforms) = preSolution
		Debug|x64 = Debug|x64
		Debug|x86 = Debug|x86
		Release|x64 = Release|x64
		Release|x86 = Release|x86
	EndGlobalSection
	GlobalSection(ProjectConfigurationPlatforms) = postSolution
		{4149A6E7-4F16-434E-8152-DA7048F1D261}.Debug|x64.ActiveCfg = Debug|x64
		{4149A6E7-4F16-434E-8152-DA7048F1D261}.Debug|x64.Build.0 = Debug|x64
		{4149A6E7-4F16-434E-8152-DA7048F1D261}.Debug|x86.ActiveCfg = Debug|Win32
		{4149A6E7-4F16-434E-8152-DA7048F1D261}.Debug|x86.Build.0 = Debug|Win32
		{4149A6E7-4F16-434E-8152-DA7048F1D261}.Release|x64.ActiveCfg = Release|x64
		{4149A6E7-4F16-434E-8152-DA7048F1D261}.Release|x64.Build.0 = Release|x64
		{4149A6E7-4F16-434E-8152-DA7048F1D261}.Release|x86.ActiveCfg = Release|Win32
		{4149A6E7-4F16-434E-8152-DA7048F1D261}.Release|x86.Build.0 = Release|Win32
	EndGlobalSection
	GlobalSection(SolutionProperties) = preSolution
		HideSolutionNode = FALSE
	EndGlobalSection
	GlobalSection(ExtensibilityGlobals) = postSolution
		SolutionGuid = {BD2222DC-0665-44D6-986C-863084E4D7F8}
	EndGlobalSection
EndGlobal
